
Microsoft Visual Studio Solution File, Format Version 12.00
# Visual Studio 15
VisualStudioVersion = 15.0.26730.12
MinimumVisualStudioVersion = 10.0.40219.1
Project("{FAE04EC0-301F-11D3-BF4B-00C04F79EFBC}") = "TodoApi", "TodoApi\TodoApi.csproj", "{42BDEFD5-9C92-44EB-9211-227ABC783DB4}"
EndProject
Global
	GlobalSection(SolutionConfigurationPlatforms) = preSolution
		Debug|Any CPU = Debug|Any CPU
		Release|Any CPU = Release|Any CPU
	EndGlobalSection
	GlobalSection(ProjectConfigurationPlatforms) = postSolution
		{42BDEFD5-9C92-44EB-9211-227ABC783DB4}.Debug|Any CPU.ActiveCfg = Debug|Any CPU
		{42BDEFD5-9C92-44EB-9211-227ABC783DB4}.Debug|Any CPU.Build.0 = Debug|Any CPU
		{42BDEFD5-9C92-44EB-9211-227ABC783DB4}.Release|Any CPU.ActiveCfg = Release|Any CPU
		{42BDEFD5-9C92-44EB-9211-227ABC783DB4}.Release|Any CPU.Build.0 = Release|Any CPU
	EndGlobalSection
	GlobalSection(SolutionProperties) = preSolution
		HideSolutionNode = FALSE
	EndGlobalSection
	GlobalSection(ExtensibilityGlobals) = postSolution
		SolutionGuid = {6623FAC9-44AB-407E-B459-B3AB35362F23}
	EndGlobalSection
EndGlobal
